// !$*UTF8*$!
{
	archiveVersion = 1;
	classes = {
	};
	objectVersion = 63;
	objects = {

/* Begin PBXBuildFile section */
		024660B030D9DA2FD44FDEB8 /* WorkflowDetailView.swift in Sources */ = {isa = PBXBuildFile; fileRef = 29CD3B3FA7ED7CF3391BABF3 /* WorkflowDetailView.swift */; };
		0A1B2C3D4E5F6A01B2C3D4E5 /* StepTemplate.swift in Sources */ = {isa = PBXBuildFile; fileRef = 0A1B2C3D4E5F6A01B2C3D4E6 /* StepTemplate.swift */; };
		0A1B2C3D4E5F6A02B2C3D4E5 /* WorkflowStepCard.swift in Sources */ = {isa = PBXBuildFile; fileRef = 0A1B2C3D4E5F6A02B2C3D4E6 /* WorkflowStepCard.swift */; };
		0A1B2C3D4E5F6A03B2C3D4E5 /* StepTemplatePicker.swift in Sources */ = {isa = PBXBuildFile; fileRef = 0A1B2C3D4E5F6A03B2C3D4E6 /* StepTemplatePicker.swift */; };
		0A1B2C3D4E5F6A04B2C3D4E5 /* LinkPreview.swift in Sources */ = {isa = PBXBuildFile; fileRef = 0A1B2C3D4E5F6A04B2C3D4E6 /* LinkPreview.swift */; };
		0A1B2C3D4E5F6A05B2C3D4E5 /* LinkPreviewService.swift in Sources */ = {isa = PBXBuildFile; fileRef = 0A1B2C3D4E5F6A05B2C3D4E6 /* LinkPreviewService.swift */; };
		0A1B2C3D4E5F6A06B2C3D4E5 /* LinkPreviewCard.swift in Sources */ = {isa = PBXBuildFile; fileRef = 0A1B2C3D4E5F6A06B2C3D4E6 /* LinkPreviewCard.swift */; };
		0A1B2C3D4E5F6A07B2C3D4E5 /* ChatSearchBar.swift in Sources */ = {isa = PBXBuildFile; fileRef = 0A1B2C3D4E5F6A07B2C3D4E6 /* ChatSearchBar.swift */; };
		0A1B2C3D4E5F6A08B2C3D4E5 /* CardWorkflowBuilderView.swift in Sources */ = {isa = PBXBuildFile; fileRef = 0A1B2C3D4E5F6A08B2C3D4E6 /* CardWorkflowBuilderView.swift */; };
		172E26AE31E9D15D29FAD710 /* EmailSettingsView.swift in Sources */ = {isa = PBXBuildFile; fileRef = FBAB90B5366DFAAC1309B6DD /* EmailSettingsView.swift */; };
		2736A36EB25810A9D548FA20 /* WorkflowPreviewCard.swift in Sources */ = {isa = PBXBuildFile; fileRef = 2B1C0551B102E349B32CA49D /* WorkflowPreviewCard.swift */; };
		2E7199394B1B105CA8148A12 /* WorkflowBuilderView.swift in Sources */ = {isa = PBXBuildFile; fileRef = 250210591A3F2F9DE821065B /* WorkflowBuilderView.swift */; };
		3514D4B93B2480FB3D3D3BA9 /* ThinkingPanel.swift in Sources */ = {isa = PBXBuildFile; fileRef = 8D575BD1A5173A3916F7D9AD /* ThinkingPanel.swift */; };
		37FA24722DA341E0FC0E2AA2 /* Conversation.swift in Sources */ = {isa = PBXBuildFile; fileRef = FF610C4AEFAC2266E2E2CDBE /* Conversation.swift */; };
		3E2C2D2DC582981E85208037 /* SettingsView.swift in Sources */ = {isa = PBXBuildFile; fileRef = 4D6DF452C51A884B99D83E4E /* SettingsView.swift */; };
		461136E0BB5E451E9E610E4E /* ConversationListViewModel.swift in Sources */ = {isa = PBXBuildFile; fileRef = 8B743237B7D6998033A5C46A /* ConversationListViewModel.swift */; };
		49F265B8DD360D6B66FF3601 /* HapticManager.swift in Sources */ = {isa = PBXBuildFile; fileRef = D50AD61F5240C4A072DD9DDD /* HapticManager.swift */; };
		4A56D387A06063EDA4E544C4 /* WorkflowEditorView.swift in Sources */ = {isa = PBXBuildFile; fileRef = FA964706C90AB2ADB8F48737 /* WorkflowEditorView.swift */; };
		58D3E2D1D250A008AACBD117 /* ChatView.swift in Sources */ = {isa = PBXBuildFile; fileRef = 20A39B3AA07F0FD11EBA9239 /* ChatView.swift */; };
		5C50C2E23CBE783B447AA8D1 /* Message.swift in Sources */ = {isa = PBXBuildFile; fileRef = 7F78B1B97ED626ED28DBDA80 /* Message.swift */; };
		71CD19A825D9987B16FECF75 /* WebSocketClient.swift in Sources */ = {isa = PBXBuildFile; fileRef = 9FA6350DDCEA9D963D5F3CB6 /* WebSocketClient.swift */; };
		7BF3F16281A22918112B3A4B /* MarkdownRenderer.swift in Sources */ = {isa = PBXBuildFile; fileRef = DB9CD2AD190B2666562291D5 /* MarkdownRenderer.swift */; };
		7F053177C3CA812DFABB6899 /* SolaceApp.swift in Sources */ = {isa = PBXBuildFile; fileRef = D1B16832E32AD8C1FDA331E7 /* SolaceApp.swift */; };
		8110AD50716D3CFD8F5501CD /* WorkflowListView.swift in Sources */ = {isa = PBXBuildFile; fileRef = 85CB1D36FFA570D9FADB0ADF /* WorkflowListView.swift */; };
		85875C15DC3D81FABC123267 /* WorkflowViewModel.swift in Sources */ = {isa = PBXBuildFile; fileRef = 329C17EDC450485F75098ECE /* WorkflowViewModel.swift */; };
		88B36839BC327AFBD30C61DC /* ToolPickerSheet.swift in Sources */ = {isa = PBXBuildFile; fileRef = 25A5A941DA6B5BD5C8DE3E63 /* ToolPickerSheet.swift */; };
		8D33F5BAE722580CC8D65538 /* ChatViewModel.swift in Sources */ = {isa = PBXBuildFile; fileRef = A8394523FAC9063A0EFD32DB /* ChatViewModel.swift */; };
		90691B6D2F9D335E47E7D586 /* MessageBubble.swift in Sources */ = {isa = PBXBuildFile; fileRef = 842D7A428DCA9812A2D6EAA6 /* MessageBubble.swift */; };
		99C83FBC9485739AD0289B95 /* ToolCard.swift in Sources */ = {isa = PBXBuildFile; fileRef = 34E2683792F27CE368A3B65B /* ToolCard.swift */; };
		9CC0D236A5455DAEE7FC74BF /* Theme.swift in Sources */ = {isa = PBXBuildFile; fileRef = 5C934430A65F81F55D43D411 /* Theme.swift */; };
		A1B2C3D4E5F60718192A3B4C /* BonjourBrowser.swift in Sources */ = {isa = PBXBuildFile; fileRef = A1B2C3D4E5F60718192A3B4D /* BonjourBrowser.swift */; };
		A1C2D3E4F5A60001B2C3D4E5 /* MCPServerInfo.swift in Sources */ = {isa = PBXBuildFile; fileRef = A1C2D3E4F5A60001B2C3D4E6 /* MCPServerInfo.swift */; };
		A1C2D3E4F5A60002B2C3D4E5 /* SettingsViewModel.swift in Sources */ = {isa = PBXBuildFile; fileRef = A1C2D3E4F5A60002B2C3D4E6 /* SettingsViewModel.swift */; };
		AA9E5F8314511AB6F624A1FB /* WebSocketMessage.swift in Sources */ = {isa = PBXBuildFile; fileRef = 5ADC742D1AC83496380B9613 /* WebSocketMessage.swift */; };
		B1A2C3D4E5F60003A2B3C4D5 /* AudioRecorderManager.swift in Sources */ = {isa = PBXBuildFile; fileRef = B1A2C3D4E5F60003A2B3C4D6 /* AudioRecorderManager.swift */; };
		B211458F665A84895FF44520 /* InputBar.swift in Sources */ = {isa = PBXBuildFile; fileRef = B108799742FC44169DE33DA4 /* InputBar.swift */; };
		B9DBB28048FDED103A899627 /* EmptyStateView.swift in Sources */ = {isa = PBXBuildFile; fileRef = 721D711231E025E6E7D22354 /* EmptyStateView.swift */; };
		C1A2B3C4D5E60004B2C3D4E5 /* VoiceNotePlayerView.swift in Sources */ = {isa = PBXBuildFile; fileRef = C1A2B3C4D5E60004B2C3D4E6 /* VoiceNotePlayerView.swift */; };
		E2A3B4C5D6E70009F3A4B5C6 /* WelcomeView.swift in Sources */ = {isa = PBXBuildFile; fileRef = E2A3B4C5D6E70009F3A4B5C7 /* WelcomeView.swift */; };
		C2D3E4F5A6B7C8D9E0F1A2B3 /* Assets.xcassets in Resources */ = {isa = PBXBuildFile; fileRef = C2D3E4F5A6B7C8D9E0F1A2B4 /* Assets.xcassets */; };
		C8CDB55A0E0A1A1B221CA908 /* WorkflowExecutionView.swift in Sources */ = {isa = PBXBuildFile; fileRef = 239984BDB5B06C5F5AA127E9 /* WorkflowExecutionView.swift */; };
		D1A2B3C4E5F60005A2B3C4D5 /* SpeechRecognitionManager.swift in Sources */ = {isa = PBXBuildFile; fileRef = D1A2B3C4E5F60005A2B3C4D6 /* SpeechRecognitionManager.swift */; };
		E1F4A83D2C7B9E0F00A1B2C3 /* EmailViewModel.swift in Sources */ = {isa = PBXBuildFile; fileRef = E1F4A83C2C7B9E0F00A1B2C3 /* EmailViewModel.swift */; };
		3DFC37F20CBDEA278EECF1BF /* ConversationBlockView.swift in Sources */ = {isa = PBXBuildFile; fileRef = 2A8B79B14A405F9F1F7E811E /* ConversationBlockView.swift */; };
		EA22E42948C42A43394268EF /* ConversationListView.swift in Sources */ = {isa = PBXBuildFile; fileRef = 5F9683C6A0C7EACE0FA68AD9 /* ConversationListView.swift */; };
		EA734A29167DC252BE3C0512 /* EmailTriggersView.swift in Sources */ = {isa = PBXBuildFile; fileRef = 507B46DABC0079BDC637D157 /* EmailTriggersView.swift */; };
		F1A2B3C4D5E6F7081920ABCD /* EmailApprovalView.swift in Sources */ = {isa = PBXBuildFile; fileRef = F1A2B3C4D5E6F7081920ABCE /* EmailApprovalView.swift */; };
		F3FBD3E8F4B303D2F519D76A /* ConnectionBanner.swift in Sources */ = {isa = PBXBuildFile; fileRef = DBE12B2E96ED817B70C3B6FD /* ConnectionBanner.swift */; };
		F4387B295CC63DBF3DE864D0 /* ContentView.swift in Sources */ = {isa = PBXBuildFile; fileRef = 176BC2E06CFDBA18907AA518 /* ContentView.swift */; };
		AA11223344556677AABB0001 /* SpiritGuideView.swift in Sources */ = {isa = PBXBuildFile; fileRef = AA11223344556677AABB0002 /* SpiritGuideView.swift */; };
		AA11223344556677AABB0003 /* GlassModifiers.swift in Sources */ = {isa = PBXBuildFile; fileRef = AA11223344556677AABB0004 /* GlassModifiers.swift */; };
		AA11223344556677AABB0005 /* AmbientBackgroundView.swift in Sources */ = {isa = PBXBuildFile; fileRef = AA11223344556677AABB0006 /* AmbientBackgroundView.swift */; };
		BB11223344556677AABB0001 /* SpaceGrotesk-Medium.ttf in Resources */ = {isa = PBXBuildFile; fileRef = BB11223344556677AABB0002 /* SpaceGrotesk-Medium.ttf */; };
		BB11223344556677AABB0003 /* SpaceGrotesk-Bold.ttf in Resources */ = {isa = PBXBuildFile; fileRef = BB11223344556677AABB0004 /* SpaceGrotesk-Bold.ttf */; };
		BB11223344556677AABB0005 /* Inter-Regular.ttf in Resources */ = {isa = PBXBuildFile; fileRef = BB11223344556677AABB0006 /* Inter-Regular.ttf */; };
		BB11223344556677AABB0007 /* Inter-Medium.ttf in Resources */ = {isa = PBXBuildFile; fileRef = BB11223344556677AABB0008 /* Inter-Medium.ttf */; };
		BB11223344556677AABB0009 /* Inter-Bold.ttf in Resources */ = {isa = PBXBuildFile; fileRef = BB11223344556677AABB000A /* Inter-Bold.ttf */; };
		CC22334455667788AABB0002 /* ServerBrandConfig.swift in Sources */ = {isa = PBXBuildFile; fileRef = CC22334455667788AABB0001 /* ServerBrandConfig.swift */; };
		CC22334455667788AABB0006 /* WorkflowBuilderWrapperView.swift in Sources */ = {isa = PBXBuildFile; fileRef = CC22334455667788AABB0005 /* WorkflowBuilderWrapperView.swift */; };
		DD11223344556677AABB0001 /* AmbientMusicManager.swift in Sources */ = {isa = PBXBuildFile; fileRef = DD11223344556677AABB0002 /* AmbientMusicManager.swift */; };
		DD11223344556677AABB0003 /* garden.m4a in Resources */ = {isa = PBXBuildFile; fileRef = DD11223344556677AABB0004 /* garden.m4a */; };
		DD11223344556677AABB0005 /* water.m4a in Resources */ = {isa = PBXBuildFile; fileRef = DD11223344556677AABB0006 /* water.m4a */; };
		DD11223344556677AABB0007 /* rest.m4a in Resources */ = {isa = PBXBuildFile; fileRef = DD11223344556677AABB0008 /* rest.m4a */; };
		EE11223344556677AABB0001 /* AmbientListeningManager.swift in Sources */ = {isa = PBXBuildFile; fileRef = EE11223344556677AABB0002 /* AmbientListeningManager.swift */; };
		EE11223344556677AABB0003 /* AmbientListeningViewModel.swift in Sources */ = {isa = PBXBuildFile; fileRef = EE11223344556677AABB0004 /* AmbientListeningViewModel.swift */; };
		EE11223344556677AABB0005 /* AmbientListeningOverlay.swift in Sources */ = {isa = PBXBuildFile; fileRef = EE11223344556677AABB0006 /* AmbientListeningOverlay.swift */; };
		AA1B2C3D4E5F6A09B2C3D4E5 /* VoiceTabView.swift in Sources */ = {isa = PBXBuildFile; fileRef = AA1B2C3D4E5F6A09B2C3D4E6 /* VoiceTabView.swift */; };
		BB1B2C3D4E5F6A10B2C3D4E5 /* EmailDetailView.swift in Sources */ = {isa = PBXBuildFile; fileRef = BB1B2C3D4E5F6A10B2C3D4E6 /* EmailDetailView.swift */; };
		CC1B2C3D4E5F6A11B2C3D4E5 /* EmailReplyView.swift in Sources */ = {isa = PBXBuildFile; fileRef = CC1B2C3D4E5F6A11B2C3D4E6 /* EmailReplyView.swift */; };
/* End PBXBuildFile section */

/* Begin PBXFileReference section */
		0A1B2C3D4E5F6A01B2C3D4E6 /* StepTemplate.swift */ = {isa = PBXFileReference; lastKnownFileType = sourcecode.swift; path = StepTemplate.swift; sourceTree = "<group>"; };
		0A1B2C3D4E5F6A02B2C3D4E6 /* WorkflowStepCard.swift */ = {isa = PBXFileReference; lastKnownFileType = sourcecode.swift; path = WorkflowStepCard.swift; sourceTree = "<group>"; };
		0A1B2C3D4E5F6A03B2C3D4E6 /* StepTemplatePicker.swift */ = {isa = PBXFileReference; lastKnownFileType = sourcecode.swift; path = StepTemplatePicker.swift; sourceTree = "<group>"; };
		0A1B2C3D4E5F6A04B2C3D4E6 /* LinkPreview.swift */ = {isa = PBXFileReference; lastKnownFileType = sourcecode.swift; path = LinkPreview.swift; sourceTree = "<group>"; };
		0A1B2C3D4E5F6A05B2C3D4E6 /* LinkPreviewService.swift */ = {isa = PBXFileReference; lastKnownFileType = sourcecode.swift; path = LinkPreviewService.swift; sourceTree = "<group>"; };
		0A1B2C3D4E5F6A06B2C3D4E6 /* LinkPreviewCard.swift */ = {isa = PBXFileReference; lastKnownFileType = sourcecode.swift; path = LinkPreviewCard.swift; sourceTree = "<group>"; };
		0A1B2C3D4E5F6A07B2C3D4E6 /* ChatSearchBar.swift */ = {isa = PBXFileReference; lastKnownFileType = sourcecode.swift; path = ChatSearchBar.swift; sourceTree = "<group>"; };
		0A1B2C3D4E5F6A08B2C3D4E6 /* CardWorkflowBuilderView.swift */ = {isa = PBXFileReference; lastKnownFileType = sourcecode.swift; path = CardWorkflowBuilderView.swift; sourceTree = "<group>"; };
		176BC2E06CFDBA18907AA518 /* ContentView.swift */ = {isa = PBXFileReference; lastKnownFileType = sourcecode.swift; path = ContentView.swift; sourceTree = "<group>"; };
		20A39B3AA07F0FD11EBA9239 /* ChatView.swift */ = {isa = PBXFileReference; lastKnownFileType = sourcecode.swift; path = ChatView.swift; sourceTree = "<group>"; };
		239984BDB5B06C5F5AA127E9 /* WorkflowExecutionView.swift */ = {isa = PBXFileReference; lastKnownFileType = sourcecode.swift; path = WorkflowExecutionView.swift; sourceTree = "<group>"; };
		250210591A3F2F9DE821065B /* WorkflowBuilderView.swift */ = {isa = PBXFileReference; lastKnownFileType = sourcecode.swift; path = WorkflowBuilderView.swift; sourceTree = "<group>"; };
		25A5A941DA6B5BD5C8DE3E63 /* ToolPickerSheet.swift */ = {isa = PBXFileReference; lastKnownFileType = sourcecode.swift; path = ToolPickerSheet.swift; sourceTree = "<group>"; };
		29CD3B3FA7ED7CF3391BABF3 /* WorkflowDetailView.swift */ = {isa = PBXFileReference; lastKnownFileType = sourcecode.swift; path = WorkflowDetailView.swift; sourceTree = "<group>"; };
		2B1C0551B102E349B32CA49D /* WorkflowPreviewCard.swift */ = {isa = PBXFileReference; lastKnownFileType = sourcecode.swift; path = WorkflowPreviewCard.swift; sourceTree = "<group>"; };
		329C17EDC450485F75098ECE /* WorkflowViewModel.swift */ = {isa = PBXFileReference; lastKnownFileType = sourcecode.swift; path = WorkflowViewModel.swift; sourceTree = "<group>"; };
		34E2683792F27CE368A3B65B /* ToolCard.swift */ = {isa = PBXFileReference; lastKnownFileType = sourcecode.swift; path = ToolCard.swift; sourceTree = "<group>"; };
		4D6DF452C51A884B99D83E4E /* SettingsView.swift */ = {isa = PBXFileReference; lastKnownFileType = sourcecode.swift; path = SettingsView.swift; sourceTree = "<group>"; };
		507B46DABC0079BDC637D157 /* EmailTriggersView.swift */ = {isa = PBXFileReference; lastKnownFileType = sourcecode.swift; path = EmailTriggersView.swift; sourceTree = "<group>"; };
		5ADC742D1AC83496380B9613 /* WebSocketMessage.swift */ = {isa = PBXFileReference; lastKnownFileType = sourcecode.swift; path = WebSocketMessage.swift; sourceTree = "<group>"; };
		5C934430A65F81F55D43D411 /* Theme.swift */ = {isa = PBXFileReference; lastKnownFileType = sourcecode.swift; path = Theme.swift; sourceTree = "<group>"; };
		2A8B79B14A405F9F1F7E811E /* ConversationBlockView.swift */ = {isa = PBXFileReference; lastKnownFileType = sourcecode.swift; path = ConversationBlockView.swift; sourceTree = "<group>"; };
		5F9683C6A0C7EACE0FA68AD9 /* ConversationListView.swift */ = {isa = PBXFileReference; lastKnownFileType = sourcecode.swift; path = ConversationListView.swift; sourceTree = "<group>"; };
		721D711231E025E6E7D22354 /* EmptyStateView.swift */ = {isa = PBXFileReference; lastKnownFileType = sourcecode.swift; path = EmptyStateView.swift; sourceTree = "<group>"; };
		7F78B1B97ED626ED28DBDA80 /* Message.swift */ = {isa = PBXFileReference; lastKnownFileType = sourcecode.swift; path = Message.swift; sourceTree = "<group>"; };
		842D7A428DCA9812A2D6EAA6 /* MessageBubble.swift */ = {isa = PBXFileReference; lastKnownFileType = sourcecode.swift; path = MessageBubble.swift; sourceTree = "<group>"; };
		85CB1D36FFA570D9FADB0ADF /* WorkflowListView.swift */ = {isa = PBXFileReference; lastKnownFileType = sourcecode.swift; path = WorkflowListView.swift; sourceTree = "<group>"; };
		8B743237B7D6998033A5C46A /* ConversationListViewModel.swift */ = {isa = PBXFileReference; lastKnownFileType = sourcecode.swift; path = ConversationListViewModel.swift; sourceTree = "<group>"; };
		8D575BD1A5173A3916F7D9AD /* ThinkingPanel.swift */ = {isa = PBXFileReference; lastKnownFileType = sourcecode.swift; path = ThinkingPanel.swift; sourceTree = "<group>"; };
		98C597C81A9E6419B20EE2FB /* SolaceApp.app */ = {isa = PBXFileReference; explicitFileType = wrapper.application; includeInIndex = 0; path = SolaceApp.app; sourceTree = BUILT_PRODUCTS_DIR; };
		9FA6350DDCEA9D963D5F3CB6 /* WebSocketClient.swift */ = {isa = PBXFileReference; lastKnownFileType = sourcecode.swift; path = WebSocketClient.swift; sourceTree = "<group>"; };
		A1B2C3D4E5F60718192A3B4D /* BonjourBrowser.swift */ = {isa = PBXFileReference; lastKnownFileType = sourcecode.swift; path = BonjourBrowser.swift; sourceTree = "<group>"; };
		A1B2C3D4E5F60718192A3B4E /* Info.plist */ = {isa = PBXFileReference; lastKnownFileType = text.plist.xml; path = Info.plist; sourceTree = "<group>"; };
		A1C2D3E4F5A60001B2C3D4E6 /* MCPServerInfo.swift */ = {isa = PBXFileReference; lastKnownFileType = sourcecode.swift; path = MCPServerInfo.swift; sourceTree = "<group>"; };
		A1C2D3E4F5A60002B2C3D4E6 /* SettingsViewModel.swift */ = {isa = PBXFileReference; lastKnownFileType = sourcecode.swift; path = SettingsViewModel.swift; sourceTree = "<group>"; };
		A8394523FAC9063A0EFD32DB /* ChatViewModel.swift */ = {isa = PBXFileReference; lastKnownFileType = sourcecode.swift; path = ChatViewModel.swift; sourceTree = "<group>"; };
		B108799742FC44169DE33DA4 /* InputBar.swift */ = {isa = PBXFileReference; lastKnownFileType = sourcecode.swift; path = InputBar.swift; sourceTree = "<group>"; };
		B1A2C3D4E5F60003A2B3C4D6 /* AudioRecorderManager.swift */ = {isa = PBXFileReference; lastKnownFileType = sourcecode.swift; path = AudioRecorderManager.swift; sourceTree = "<group>"; };
		C1A2B3C4D5E60004B2C3D4E6 /* VoiceNotePlayerView.swift */ = {isa = PBXFileReference; lastKnownFileType = sourcecode.swift; path = VoiceNotePlayerView.swift; sourceTree = "<group>"; };
		C2D3E4F5A6B7C8D9E0F1A2B4 /* Assets.xcassets */ = {isa = PBXFileReference; lastKnownFileType = folder.assetcatalog; path = Assets.xcassets; sourceTree = "<group>"; };
		D1A2B3C4E5F60005A2B3C4D6 /* SpeechRecognitionManager.swift */ = {isa = PBXFileReference; lastKnownFileType = sourcecode.swift; path = SpeechRecognitionManager.swift; sourceTree = "<group>"; };
		D1B16832E32AD8C1FDA331E7 /* SolaceApp.swift */ = {isa = PBXFileReference; lastKnownFileType = sourcecode.swift; path = SolaceApp.swift; sourceTree = "<group>"; };
		D50AD61F5240C4A072DD9DDD /* HapticManager.swift */ = {isa = PBXFileReference; lastKnownFileType = sourcecode.swift; path = HapticManager.swift; sourceTree = "<group>"; };
		DB9CD2AD190B2666562291D5 /* MarkdownRenderer.swift */ = {isa = PBXFileReference; lastKnownFileType = sourcecode.swift; path = MarkdownRenderer.swift; sourceTree = "<group>"; };
		DBE12B2E96ED817B70C3B6FD /* ConnectionBanner.swift */ = {isa = PBXFileReference; lastKnownFileType = sourcecode.swift; path = ConnectionBanner.swift; sourceTree = "<group>"; };
		E1F4A83C2C7B9E0F00A1B2C3 /* EmailViewModel.swift */ = {isa = PBXFileReference; lastKnownFileType = sourcecode.swift; path = EmailViewModel.swift; sourceTree = "<group>"; };
		F1A2B3C4D5E6F7081920ABCE /* EmailApprovalView.swift */ = {isa = PBXFileReference; lastKnownFileType = sourcecode.swift; path = EmailApprovalView.swift; sourceTree = "<group>"; };
		E2A3B4C5D6E70009F3A4B5C7 /* WelcomeView.swift */ = {isa = PBXFileReference; lastKnownFileType = sourcecode.swift; path = WelcomeView.swift; sourceTree = "<group>"; };
		FA964706C90AB2ADB8F48737 /* WorkflowEditorView.swift */ = {isa = PBXFileReference; lastKnownFileType = sourcecode.swift; path = WorkflowEditorView.swift; sourceTree = "<group>"; };
		FBAB90B5366DFAAC1309B6DD /* EmailSettingsView.swift */ = {isa = PBXFileReference; lastKnownFileType = sourcecode.swift; path = EmailSettingsView.swift; sourceTree = "<group>"; };
		FF610C4AEFAC2266E2E2CDBE /* Conversation.swift */ = {isa = PBXFileReference; lastKnownFileType = sourcecode.swift; path = Conversation.swift; sourceTree = "<group>"; };
		AA11223344556677AABB0002 /* SpiritGuideView.swift */ = {isa = PBXFileReference; lastKnownFileType = sourcecode.swift; path = SpiritGuideView.swift; sourceTree = "<group>"; };
		AA11223344556677AABB0004 /* GlassModifiers.swift */ = {isa = PBXFileReference; lastKnownFileType = sourcecode.swift; path = GlassModifiers.swift; sourceTree = "<group>"; };
		AA11223344556677AABB0006 /* AmbientBackgroundView.swift */ = {isa = PBXFileReference; lastKnownFileType = sourcecode.swift; path = AmbientBackgroundView.swift; sourceTree = "<group>"; };
		BB11223344556677AABB0002 /* SpaceGrotesk-Medium.ttf */ = {isa = PBXFileReference; lastKnownFileType = file; path = "SpaceGrotesk-Medium.ttf"; sourceTree = "<group>"; };
		BB11223344556677AABB0004 /* SpaceGrotesk-Bold.ttf */ = {isa = PBXFileReference; lastKnownFileType = file; path = "SpaceGrotesk-Bold.ttf"; sourceTree = "<group>"; };
		BB11223344556677AABB0006 /* Inter-Regular.ttf */ = {isa = PBXFileReference; lastKnownFileType = file; path = "Inter-Regular.ttf"; sourceTree = "<group>"; };
		BB11223344556677AABB0008 /* Inter-Medium.ttf */ = {isa = PBXFileReference; lastKnownFileType = file; path = "Inter-Medium.ttf"; sourceTree = "<group>"; };
		BB11223344556677AABB000A /* Inter-Bold.ttf */ = {isa = PBXFileReference; lastKnownFileType = file; path = "Inter-Bold.ttf"; sourceTree = "<group>"; };
		CC22334455667788AABB0001 /* ServerBrandConfig.swift */ = {isa = PBXFileReference; lastKnownFileType = sourcecode.swift; path = ServerBrandConfig.swift; sourceTree = "<group>"; };
		CC22334455667788AABB0005 /* WorkflowBuilderWrapperView.swift */ = {isa = PBXFileReference; lastKnownFileType = sourcecode.swift; path = WorkflowBuilderWrapperView.swift; sourceTree = "<group>"; };
		DD11223344556677AABB0002 /* AmbientMusicManager.swift */ = {isa = PBXFileReference; lastKnownFileType = sourcecode.swift; path = AmbientMusicManager.swift; sourceTree = "<group>"; };
		DD11223344556677AABB0004 /* garden.m4a */ = {isa = PBXFileReference; lastKnownFileType = file; path = garden.m4a; sourceTree = "<group>"; };
		DD11223344556677AABB0006 /* water.m4a */ = {isa = PBXFileReference; lastKnownFileType = file; path = water.m4a; sourceTree = "<group>"; };
		DD11223344556677AABB0008 /* rest.m4a */ = {isa = PBXFileReference; lastKnownFileType = file; path = rest.m4a; sourceTree = "<group>"; };
		EE11223344556677AABB0002 /* AmbientListeningManager.swift */ = {isa = PBXFileReference; lastKnownFileType = sourcecode.swift; path = AmbientListeningManager.swift; sourceTree = "<group>"; };
		EE11223344556677AABB0004 /* AmbientListeningViewModel.swift */ = {isa = PBXFileReference; lastKnownFileType = sourcecode.swift; path = AmbientListeningViewModel.swift; sourceTree = "<group>"; };
		EE11223344556677AABB0006 /* AmbientListeningOverlay.swift */ = {isa = PBXFileReference; lastKnownFileType = sourcecode.swift; path = AmbientListeningOverlay.swift; sourceTree = "<group>"; };
		AA1B2C3D4E5F6A09B2C3D4E6 /* VoiceTabView.swift */ = {isa = PBXFileReference; lastKnownFileType = sourcecode.swift; path = VoiceTabView.swift; sourceTree = "<group>"; };
		BB1B2C3D4E5F6A10B2C3D4E6 /* EmailDetailView.swift */ = {isa = PBXFileReference; lastKnownFileType = sourcecode.swift; path = EmailDetailView.swift; sourceTree = "<group>"; };
		CC1B2C3D4E5F6A11B2C3D4E6 /* EmailReplyView.swift */ = {isa = PBXFileReference; lastKnownFileType = sourcecode.swift; path = EmailReplyView.swift; sourceTree = "<group>"; };
/* End PBXFileReference section */

/* Begin PBXGroup section */
		67BA5AFD83F05A3B927852DD /* Services */ = {
			isa = PBXGroup;
			children = (
				EE11223344556677AABB0002 /* AmbientListeningManager.swift */,
				DD11223344556677AABB0002 /* AmbientMusicManager.swift */,
				B1A2C3D4E5F60003A2B3C4D6 /* AudioRecorderManager.swift */,
				A1B2C3D4E5F60718192A3B4D /* BonjourBrowser.swift */,
				D50AD61F5240C4A072DD9DDD /* HapticManager.swift */,
				0A1B2C3D4E5F6A05B2C3D4E6 /* LinkPreviewService.swift */,
				DB9CD2AD190B2666562291D5 /* MarkdownRenderer.swift */,
				D1A2B3C4E5F60005A2B3C4D6 /* SpeechRecognitionManager.swift */,
				9FA6350DDCEA9D963D5F3CB6 /* WebSocketClient.swift */,
			);
			path = Services;
			sourceTree = "<group>";
		};
		6DE0E69F8977FF120EE0C5FD /* Models */ = {
			isa = PBXGroup;
			children = (
				FF610C4AEFAC2266E2E2CDBE /* Conversation.swift */,
				0A1B2C3D4E5F6A04B2C3D4E6 /* LinkPreview.swift */,
				A1C2D3E4F5A60001B2C3D4E6 /* MCPServerInfo.swift */,
				7F78B1B97ED626ED28DBDA80 /* Message.swift */,
				CC22334455667788AABB0001 /* ServerBrandConfig.swift */,
				0A1B2C3D4E5F6A01B2C3D4E6 /* StepTemplate.swift */,
				5C934430A65F81F55D43D411 /* Theme.swift */,
				5ADC742D1AC83496380B9613 /* WebSocketMessage.swift */,
			);
			path = Models;
			sourceTree = "<group>";
		};
		7A7453811DD5B1830EA0DC50 /* App */ = {
			isa = PBXGroup;
			children = (
				D1B16832E32AD8C1FDA331E7 /* SolaceApp.swift */,
			);
			path = App;
			sourceTree = "<group>";
		};
		8E7AC94A36A626A64811B315 /* ViewModels */ = {
			isa = PBXGroup;
			children = (
				EE11223344556677AABB0004 /* AmbientListeningViewModel.swift */,
				A8394523FAC9063A0EFD32DB /* ChatViewModel.swift */,
				8B743237B7D6998033A5C46A /* ConversationListViewModel.swift */,
				E1F4A83C2C7B9E0F00A1B2C3 /* EmailViewModel.swift */,
				A1C2D3E4F5A60002B2C3D4E6 /* SettingsViewModel.swift */,
				329C17EDC450485F75098ECE /* WorkflowViewModel.swift */,
			);
			path = ViewModels;
			sourceTree = "<group>";
		};
		B59C3BF8D35D514958E0DBC7 /* Products */ = {
			isa = PBXGroup;
			children = (
				98C597C81A9E6419B20EE2FB /* SolaceApp.app */,
			);
			name = Products;
			sourceTree = "<group>";
		};
		C2D3E4F5A6B7C8D9E0F1A2B5 /* Resources */ = {
			isa = PBXGroup;
			children = (
				C2D3E4F5A6B7C8D9E0F1A2B4 /* Assets.xcassets */,
				DD11223344556677AABB0010 /* Audio */,
				CC11223344556677AABB0001 /* Fonts */,
			);
			path = Resources;
			sourceTree = "<group>";
		};
		DD11223344556677AABB0010 /* Audio */ = {
			isa = PBXGroup;
			children = (
				DD11223344556677AABB0004 /* garden.m4a */,
				DD11223344556677AABB0008 /* rest.m4a */,
				DD11223344556677AABB0006 /* water.m4a */,
			);
			path = Audio;
			sourceTree = "<group>";
		};
		CC11223344556677AABB0001 /* Fonts */ = {
			isa = PBXGroup;
			children = (
				BB11223344556677AABB0006 /* Inter-Regular.ttf */,
				BB11223344556677AABB0008 /* Inter-Medium.ttf */,
				BB11223344556677AABB000A /* Inter-Bold.ttf */,
				BB11223344556677AABB0002 /* SpaceGrotesk-Medium.ttf */,
				BB11223344556677AABB0004 /* SpaceGrotesk-Bold.ttf */,
			);
			path = Fonts;
			sourceTree = "<group>";
		};
		C5BE4CBC6D02F2F172297DD3 = {
			isa = PBXGroup;
			children = (
				CB6112CFC79FF376AB0A301F /* Sources */,
				C2D3E4F5A6B7C8D9E0F1A2B5 /* Resources */,
				B59C3BF8D35D514958E0DBC7 /* Products */,
			);
			sourceTree = "<group>";
		};
		CB6112CFC79FF376AB0A301F /* Sources */ = {
			isa = PBXGroup;
			children = (
				7A7453811DD5B1830EA0DC50 /* App */,
				A1B2C3D4E5F60718192A3B4E /* Info.plist */,
				6DE0E69F8977FF120EE0C5FD /* Models */,
				67BA5AFD83F05A3B927852DD /* Services */,
				8E7AC94A36A626A64811B315 /* ViewModels */,
				D65427A6A770EE0AD8192EFB /* Views */,
			);
			path = Sources;
			sourceTree = "<group>";
		};
		D65427A6A770EE0AD8192EFB /* Views */ = {
			isa = PBXGroup;
			children = (
				AA11223344556677AABB0006 /* AmbientBackgroundView.swift */,
				EE11223344556677AABB0006 /* AmbientListeningOverlay.swift */,
				0A1B2C3D4E5F6A08B2C3D4E6 /* CardWorkflowBuilderView.swift */,
				0A1B2C3D4E5F6A07B2C3D4E6 /* ChatSearchBar.swift */,
				20A39B3AA07F0FD11EBA9239 /* ChatView.swift */,
				DBE12B2E96ED817B70C3B6FD /* ConnectionBanner.swift */,
				176BC2E06CFDBA18907AA518 /* ContentView.swift */,
				2A8B79B14A405F9F1F7E811E /* ConversationBlockView.swift */,
				5F9683C6A0C7EACE0FA68AD9 /* ConversationListView.swift */,
				F1A2B3C4D5E6F7081920ABCE /* EmailApprovalView.swift */,
				BB1B2C3D4E5F6A10B2C3D4E6 /* EmailDetailView.swift */,
				CC1B2C3D4E5F6A11B2C3D4E6 /* EmailReplyView.swift */,
				FBAB90B5366DFAAC1309B6DD /* EmailSettingsView.swift */,
				507B46DABC0079BDC637D157 /* EmailTriggersView.swift */,
				721D711231E025E6E7D22354 /* EmptyStateView.swift */,
				AA11223344556677AABB0004 /* GlassModifiers.swift */,
				B108799742FC44169DE33DA4 /* InputBar.swift */,
				0A1B2C3D4E5F6A06B2C3D4E6 /* LinkPreviewCard.swift */,
				842D7A428DCA9812A2D6EAA6 /* MessageBubble.swift */,
				4D6DF452C51A884B99D83E4E /* SettingsView.swift */,
				AA11223344556677AABB0002 /* SpiritGuideView.swift */,
				0A1B2C3D4E5F6A03B2C3D4E6 /* StepTemplatePicker.swift */,
				8D575BD1A5173A3916F7D9AD /* ThinkingPanel.swift */,
				34E2683792F27CE368A3B65B /* ToolCard.swift */,
				25A5A941DA6B5BD5C8DE3E63 /* ToolPickerSheet.swift */,
				C1A2B3C4D5E60004B2C3D4E6 /* VoiceNotePlayerView.swift */,
				AA1B2C3D4E5F6A09B2C3D4E6 /* VoiceTabView.swift */,
				E2A3B4C5D6E70009F3A4B5C7 /* WelcomeView.swift */,
				250210591A3F2F9DE821065B /* WorkflowBuilderView.swift */,
				CC22334455667788AABB0005 /* WorkflowBuilderWrapperView.swift */,
				29CD3B3FA7ED7CF3391BABF3 /* WorkflowDetailView.swift */,
				FA964706C90AB2ADB8F48737 /* WorkflowEditorView.swift */,
				239984BDB5B06C5F5AA127E9 /* WorkflowExecutionView.swift */,
				85CB1D36FFA570D9FADB0ADF /* WorkflowListView.swift */,
				2B1C0551B102E349B32CA49D /* WorkflowPreviewCard.swift */,
				0A1B2C3D4E5F6A02B2C3D4E6 /* WorkflowStepCard.swift */,
			);
			path = Views;
			sourceTree = "<group>";
		};
/* End PBXGroup section */

/* Begin PBXNativeTarget section */
		198F911E9CF41F27F45261B2 /* SolaceApp */ = {
			isa = PBXNativeTarget;
			buildConfigurationList = 8FCB6C247424871B0DFB4C8F /* Build configuration list for PBXNativeTarget "SolaceApp" */;
			buildPhases = (
				5623E1BD70144CE89C7FC710 /* Sources */,
				C2D3E4F5A6B7C8D9E0F1A2B6 /* Resources */,
			);
			buildRules = (
			);
			dependencies = (
			);
			name = SolaceApp;
			packageProductDependencies = (
			);
			productName = SolaceApp;
			productReference = 98C597C81A9E6419B20EE2FB /* SolaceApp.app */;
			productType = "com.apple.product-type.application";
		};
/* End PBXNativeTarget section */

/* Begin PBXProject section */
		DB7560E7DEAABE31290D31B1 /* Project object */ = {
			isa = PBXProject;
			attributes = {
				BuildIndependentTargetsInParallel = YES;
				LastUpgradeCheck = 2620;
			};
			buildConfigurationList = A4B5EA58786AA6F96045F2A8 /* Build configuration list for PBXProject "SolaceApp" */;
			compatibilityVersion = "Xcode 14.0";
			developmentRegion = en;
			hasScannedForEncodings = 0;
			knownRegions = (
				Base,
				en,
			);
			mainGroup = C5BE4CBC6D02F2F172297DD3;
			minimizedProjectReferenceProxies = 1;
			projectDirPath = "";
			projectRoot = "";
			targets = (
				198F911E9CF41F27F45261B2 /* SolaceApp */,
			);
		};
/* End PBXProject section */

/* Begin PBXResourcesBuildPhase section */
		C2D3E4F5A6B7C8D9E0F1A2B6 /* Resources */ = {
			isa = PBXResourcesBuildPhase;
			buildActionMask = 2147483647;
			files = (
				C2D3E4F5A6B7C8D9E0F1A2B3 /* Assets.xcassets in Resources */,
				DD11223344556677AABB0003 /* garden.m4a in Resources */,
				DD11223344556677AABB0007 /* rest.m4a in Resources */,
				DD11223344556677AABB0005 /* water.m4a in Resources */,
				BB11223344556677AABB0001 /* SpaceGrotesk-Medium.ttf in Resources */,
				BB11223344556677AABB0003 /* SpaceGrotesk-Bold.ttf in Resources */,
				BB11223344556677AABB0005 /* Inter-Regular.ttf in Resources */,
				BB11223344556677AABB0007 /* Inter-Medium.ttf in Resources */,
				BB11223344556677AABB0009 /* Inter-Bold.ttf in Resources */,
			);
			runOnlyForDeploymentPostprocessing = 0;
		};
/* End PBXResourcesBuildPhase section */

/* Begin PBXSourcesBuildPhase section */
		5623E1BD70144CE89C7FC710 /* Sources */ = {
			isa = PBXSourcesBuildPhase;
			buildActionMask = 2147483647;
			files = (
				B1A2C3D4E5F60003A2B3C4D5 /* AudioRecorderManager.swift in Sources */,
				A1B2C3D4E5F60718192A3B4C /* BonjourBrowser.swift in Sources */,
				58D3E2D1D250A008AACBD117 /* ChatView.swift in Sources */,
				8D33F5BAE722580CC8D65538 /* ChatViewModel.swift in Sources */,
				F3FBD3E8F4B303D2F519D76A /* ConnectionBanner.swift in Sources */,
				F4387B295CC63DBF3DE864D0 /* ContentView.swift in Sources */,
				37FA24722DA341E0FC0E2AA2 /* Conversation.swift in Sources */,
				3DFC37F20CBDEA278EECF1BF /* ConversationBlockView.swift in Sources */,
				EA22E42948C42A43394268EF /* ConversationListView.swift in Sources */,
				461136E0BB5E451E9E610E4E /* ConversationListViewModel.swift in Sources */,
				F1A2B3C4D5E6F7081920ABCD /* EmailApprovalView.swift in Sources */,
				172E26AE31E9D15D29FAD710 /* EmailSettingsView.swift in Sources */,
				EA734A29167DC252BE3C0512 /* EmailTriggersView.swift in Sources */,
				E1F4A83D2C7B9E0F00A1B2C3 /* EmailViewModel.swift in Sources */,
				B9DBB28048FDED103A899627 /* EmptyStateView.swift in Sources */,
				49F265B8DD360D6B66FF3601 /* HapticManager.swift in Sources */,
				B211458F665A84895FF44520 /* InputBar.swift in Sources */,
				7F053177C3CA812DFABB6899 /* SolaceApp.swift in Sources */,
				7BF3F16281A22918112B3A4B /* MarkdownRenderer.swift in Sources */,
				5C50C2E23CBE783B447AA8D1 /* Message.swift in Sources */,
				90691B6D2F9D335E47E7D586 /* MessageBubble.swift in Sources */,
				3E2C2D2DC582981E85208037 /* SettingsView.swift in Sources */,
				9CC0D236A5455DAEE7FC74BF /* Theme.swift in Sources */,
				3514D4B93B2480FB3D3D3BA9 /* ThinkingPanel.swift in Sources */,
				99C83FBC9485739AD0289B95 /* ToolCard.swift in Sources */,
				88B36839BC327AFBD30C61DC /* ToolPickerSheet.swift in Sources */,
				71CD19A825D9987B16FECF75 /* WebSocketClient.swift in Sources */,
				AA9E5F8314511AB6F624A1FB /* WebSocketMessage.swift in Sources */,
				2E7199394B1B105CA8148A12 /* WorkflowBuilderView.swift in Sources */,
				024660B030D9DA2FD44FDEB8 /* WorkflowDetailView.swift in Sources */,
				4A56D387A06063EDA4E544C4 /* WorkflowEditorView.swift in Sources */,
				C8CDB55A0E0A1A1B221CA908 /* WorkflowExecutionView.swift in Sources */,
				8110AD50716D3CFD8F5501CD /* WorkflowListView.swift in Sources */,
				2736A36EB25810A9D548FA20 /* WorkflowPreviewCard.swift in Sources */,
				A1C2D3E4F5A60001B2C3D4E5 /* MCPServerInfo.swift in Sources */,
				A1C2D3E4F5A60002B2C3D4E5 /* SettingsViewModel.swift in Sources */,
				C1A2B3C4D5E60004B2C3D4E5 /* VoiceNotePlayerView.swift in Sources */,
				E2A3B4C5D6E70009F3A4B5C6 /* WelcomeView.swift in Sources */,
				85875C15DC3D81FABC123267 /* WorkflowViewModel.swift in Sources */,
				D1A2B3C4E5F60005A2B3C4D5 /* SpeechRecognitionManager.swift in Sources */,
				0A1B2C3D4E5F6A01B2C3D4E5 /* StepTemplate.swift in Sources */,
				0A1B2C3D4E5F6A02B2C3D4E5 /* WorkflowStepCard.swift in Sources */,
				0A1B2C3D4E5F6A03B2C3D4E5 /* StepTemplatePicker.swift in Sources */,
				0A1B2C3D4E5F6A04B2C3D4E5 /* LinkPreview.swift in Sources */,
				0A1B2C3D4E5F6A05B2C3D4E5 /* LinkPreviewService.swift in Sources */,
				0A1B2C3D4E5F6A06B2C3D4E5 /* LinkPreviewCard.swift in Sources */,
				0A1B2C3D4E5F6A07B2C3D4E5 /* ChatSearchBar.swift in Sources */,
				0A1B2C3D4E5F6A08B2C3D4E5 /* CardWorkflowBuilderView.swift in Sources */,
				AA11223344556677AABB0001 /* SpiritGuideView.swift in Sources */,
				AA11223344556677AABB0003 /* GlassModifiers.swift in Sources */,
				AA11223344556677AABB0005 /* AmbientBackgroundView.swift in Sources */,
				CC22334455667788AABB0002 /* ServerBrandConfig.swift in Sources */,
				CC22334455667788AABB0006 /* WorkflowBuilderWrapperView.swift in Sources */,
				DD11223344556677AABB0001 /* AmbientMusicManager.swift in Sources */,
				EE11223344556677AABB0001 /* AmbientListeningManager.swift in Sources */,
				EE11223344556677AABB0003 /* AmbientListeningViewModel.swift in Sources */,
				EE11223344556677AABB0005 /* AmbientListeningOverlay.swift in Sources */,
				AA1B2C3D4E5F6A09B2C3D4E5 /* VoiceTabView.swift in Sources */,
				BB1B2C3D4E5F6A10B2C3D4E5 /* EmailDetailView.swift in Sources */,
				CC1B2C3D4E5F6A11B2C3D4E5 /* EmailReplyView.swift in Sources */,
			);
			runOnlyForDeploymentPostprocessing = 0;
		};
/* End PBXSourcesBuildPhase section */

/* Begin XCBuildConfiguration section */
		907CB82B673F8B56E00A384C /* Release */ = {
			isa = XCBuildConfiguration;
			buildSettings = {
				ALWAYS_SEARCH_USER_PATHS = NO;
				CLANG_ANALYZER_NONNULL = YES;
				CLANG_ANALYZER_NUMBER_OBJECT_CONVERSION = YES_AGGRESSIVE;
				CLANG_CXX_LANGUAGE_STANDARD = "gnu++14";
				CLANG_CXX_LIBRARY = "libc++";
				CLANG_ENABLE_MODULES = YES;
				CLANG_ENABLE_OBJC_ARC = YES;
				CLANG_ENABLE_OBJC_WEAK = YES;
				CLANG_WARN_BLOCK_CAPTURE_AUTORELEASING = YES;
				CLANG_WARN_BOOL_CONVERSION = YES;
				CLANG_WARN_COMMA = YES;
				CLANG_WARN_CONSTANT_CONVERSION = YES;
				CLANG_WARN_DEPRECATED_OBJC_IMPLEMENTATIONS = YES;
				CLANG_WARN_DIRECT_OBJC_ISA_USAGE = YES_ERROR;
				CLANG_WARN_DOCUMENTATION_COMMENTS = YES;
				CLANG_WARN_EMPTY_BODY = YES;
				CLANG_WARN_ENUM_CONVERSION = YES;
				CLANG_WARN_INFINITE_RECURSION = YES;
				CLANG_WARN_INT_CONVERSION = YES;
				CLANG_WARN_NON_LITERAL_NULL_CONVERSION = YES;
				CLANG_WARN_OBJC_IMPLICIT_RETAIN_SELF = YES;
				CLANG_WARN_OBJC_LITERAL_CONVERSION = YES;
				CLANG_WARN_OBJC_ROOT_CLASS = YES_ERROR;
				CLANG_WARN_QUOTED_INCLUDE_IN_FRAMEWORK_HEADER = YES;
				CLANG_WARN_RANGE_LOOP_ANALYSIS = YES;
				CLANG_WARN_STRICT_PROTOTYPES = YES;
				CLANG_WARN_SUSPICIOUS_MOVE = YES;
				CLANG_WARN_UNGUARDED_AVAILABILITY = YES_AGGRESSIVE;
				CLANG_WARN_UNREACHABLE_CODE = YES;
				CLANG_WARN__DUPLICATE_METHOD_MATCH = YES;
				COPY_PHASE_STRIP = NO;
				CURRENT_PROJECT_VERSION = 1;
				DEBUG_INFORMATION_FORMAT = "dwarf-with-dsym";
				DEVELOPMENT_TEAM = 936939DZC3;
				ENABLE_NS_ASSERTIONS = NO;
				ENABLE_STRICT_OBJC_MSGSEND = YES;
				ENABLE_USER_SCRIPT_SANDBOXING = YES;
				GCC_C_LANGUAGE_STANDARD = gnu11;
				GCC_NO_COMMON_BLOCKS = YES;
				GCC_WARN_64_TO_32_BIT_CONVERSION = YES;
				GCC_WARN_ABOUT_RETURN_TYPE = YES_ERROR;
				GCC_WARN_UNDECLARED_SELECTOR = YES;
				GCC_WARN_UNINITIALIZED_AUTOS = YES_AGGRESSIVE;
				GCC_WARN_UNUSED_FUNCTION = YES;
				GCC_WARN_UNUSED_VARIABLE = YES;
				IPHONEOS_DEPLOYMENT_TARGET = 17.0;
				MARKETING_VERSION = 1.0.0;
				MTL_ENABLE_DEBUG_INFO = NO;
				MTL_FAST_MATH = YES;
				PRODUCT_NAME = "$(TARGET_NAME)";
				SDKROOT = iphoneos;
				STRING_CATALOG_GENERATE_SYMBOLS = YES;
				SWIFT_COMPILATION_MODE = wholemodule;
				SWIFT_OPTIMIZATION_LEVEL = "-O";
				SWIFT_STRICT_CONCURRENCY = complete;
				SWIFT_VERSION = 6.0;
			};
			name = Release;
		};
		AAA02E6D8D2B7EFB7D03CFE0 /* Release */ = {
			isa = XCBuildConfiguration;
			buildSettings = {
				ASSETCATALOG_COMPILER_APPICON_NAME = AppIcon;
				ASSETCATALOG_COMPILER_GLOBAL_ACCENT_COLOR_NAME = AccentColor;
				CODE_SIGN_IDENTITY = "iPhone Developer";
				GENERATE_INFOPLIST_FILE = YES;
				INFOPLIST_FILE = Sources/Info.plist;
				INFOPLIST_KEY_CFBundleDisplayName = Solace;
				INFOPLIST_KEY_LSApplicationCategoryType = "public.app-category.productivity";
				INFOPLIST_KEY_UIApplicationSceneManifest_Generation = YES;
				INFOPLIST_KEY_UIApplicationSupportsIndirectInputEvents = YES;
				INFOPLIST_KEY_UILaunchScreen_Generation = YES;
				INFOPLIST_KEY_UIStatusBarStyle = UIStatusBarStyleLightContent;
				INFOPLIST_KEY_UISupportedInterfaceOrientations = UIInterfaceOrientationPortrait;
				IPHONEOS_DEPLOYMENT_TARGET = 17.0;
				LD_RUNPATH_SEARCH_PATHS = (
					"$(inherited)",
					"@executable_path/Frameworks",
				);
				PRODUCT_BUNDLE_IDENTIFIER = app.solace.SolaceApp;
				SDKROOT = iphoneos;
				TARGETED_DEVICE_FAMILY = "1,2";
			};
			name = Release;
		};
		D9984219B9A511191C689B34 /* Debug */ = {
			isa = XCBuildConfiguration;
			buildSettings = {
				ALWAYS_SEARCH_USER_PATHS = NO;
				CLANG_ANALYZER_NONNULL = YES;
				CLANG_ANALYZER_NUMBER_OBJECT_CONVERSION = YES_AGGRESSIVE;
				CLANG_CXX_LANGUAGE_STANDARD = "gnu++14";
				CLANG_CXX_LIBRARY = "libc++";
				CLANG_ENABLE_MODULES = YES;
				CLANG_ENABLE_OBJC_ARC = YES;
				CLANG_ENABLE_OBJC_WEAK = YES;
				CLANG_WARN_BLOCK_CAPTURE_AUTORELEASING = YES;
				CLANG_WARN_BOOL_CONVERSION = YES;
				CLANG_WARN_COMMA = YES;
				CLANG_WARN_CONSTANT_CONVERSION = YES;
				CLANG_WARN_DEPRECATED_OBJC_IMPLEMENTATIONS = YES;
				CLANG_WARN_DIRECT_OBJC_ISA_USAGE = YES_ERROR;
				CLANG_WARN_DOCUMENTATION_COMMENTS = YES;
				CLANG_WARN_EMPTY_BODY = YES;
				CLANG_WARN_ENUM_CONVERSION = YES;
				CLANG_WARN_INFINITE_RECURSION = YES;
				CLANG_WARN_INT_CONVERSION = YES;
				CLANG_WARN_NON_LITERAL_NULL_CONVERSION = YES;
				CLANG_WARN_OBJC_IMPLICIT_RETAIN_SELF = YES;
				CLANG_WARN_OBJC_LITERAL_CONVERSION = YES;
				CLANG_WARN_OBJC_ROOT_CLASS = YES_ERROR;
				CLANG_WARN_QUOTED_INCLUDE_IN_FRAMEWORK_HEADER = YES;
				CLANG_WARN_RANGE_LOOP_ANALYSIS = YES;
				CLANG_WARN_STRICT_PROTOTYPES = YES;
				CLANG_WARN_SUSPICIOUS_MOVE = YES;
				CLANG_WARN_UNGUARDED_AVAILABILITY = YES_AGGRESSIVE;
				CLANG_WARN_UNREACHABLE_CODE = YES;
				CLANG_WARN__DUPLICATE_METHOD_MATCH = YES;
				COPY_PHASE_STRIP = NO;
				CURRENT_PROJECT_VERSION = 1;
				DEBUG_INFORMATION_FORMAT = dwarf;
				DEVELOPMENT_TEAM = 936939DZC3;
				ENABLE_STRICT_OBJC_MSGSEND = YES;
				ENABLE_TESTABILITY = YES;
				ENABLE_USER_SCRIPT_SANDBOXING = YES;
				GCC_C_LANGUAGE_STANDARD = gnu11;
				GCC_DYNAMIC_NO_PIC = NO;
				GCC_NO_COMMON_BLOCKS = YES;
				GCC_OPTIMIZATION_LEVEL = 0;
				GCC_PREPROCESSOR_DEFINITIONS = (
					"$(inherited)",
					"DEBUG=1",
				);
				GCC_WARN_64_TO_32_BIT_CONVERSION = YES;
				GCC_WARN_ABOUT_RETURN_TYPE = YES_ERROR;
				GCC_WARN_UNDECLARED_SELECTOR = YES;
				GCC_WARN_UNINITIALIZED_AUTOS = YES_AGGRESSIVE;
				GCC_WARN_UNUSED_FUNCTION = YES;
				GCC_WARN_UNUSED_VARIABLE = YES;
				IPHONEOS_DEPLOYMENT_TARGET = 17.0;
				MARKETING_VERSION = 1.0.0;
				MTL_ENABLE_DEBUG_INFO = INCLUDE_SOURCE;
				MTL_FAST_MATH = YES;
				ONLY_ACTIVE_ARCH = YES;
				PRODUCT_NAME = "$(TARGET_NAME)";
				SDKROOT = iphoneos;
				STRING_CATALOG_GENERATE_SYMBOLS = YES;
				SWIFT_ACTIVE_COMPILATION_CONDITIONS = DEBUG;
				SWIFT_OPTIMIZATION_LEVEL = "-Onone";
				SWIFT_STRICT_CONCURRENCY = complete;
				SWIFT_VERSION = 6.0;
			};
			name = Debug;
		};
		DC9F931BD43A3DF89A2B5B47 /* Debug */ = {
			isa = XCBuildConfiguration;
			buildSettings = {
				ASSETCATALOG_COMPILER_APPICON_NAME = AppIcon;
				ASSETCATALOG_COMPILER_GLOBAL_ACCENT_COLOR_NAME = AccentColor;
				CODE_SIGN_IDENTITY = "iPhone Developer";
				GENERATE_INFOPLIST_FILE = YES;
				INFOPLIST_FILE = Sources/Info.plist;
				INFOPLIST_KEY_CFBundleDisplayName = Solace;
				INFOPLIST_KEY_LSApplicationCategoryType = "public.app-category.productivity";
				INFOPLIST_KEY_UIApplicationSceneManifest_Generation = YES;
				INFOPLIST_KEY_UIApplicationSupportsIndirectInputEvents = YES;
				INFOPLIST_KEY_UILaunchScreen_Generation = YES;
				INFOPLIST_KEY_UIStatusBarStyle = UIStatusBarStyleLightContent;
				INFOPLIST_KEY_UISupportedInterfaceOrientations = UIInterfaceOrientationPortrait;
				IPHONEOS_DEPLOYMENT_TARGET = 17.0;
				LD_RUNPATH_SEARCH_PATHS = (
					"$(inherited)",
					"@executable_path/Frameworks",
				);
				PRODUCT_BUNDLE_IDENTIFIER = app.solace.SolaceApp;
				SDKROOT = iphoneos;
				TARGETED_DEVICE_FAMILY = "1,2";
			};
			name = Debug;
		};
/* End XCBuildConfiguration section */

/* Begin XCConfigurationList section */
		8FCB6C247424871B0DFB4C8F /* Build configuration list for PBXNativeTarget "SolaceApp" */ = {
			isa = XCConfigurationList;
			buildConfigurations = (
				DC9F931BD43A3DF89A2B5B47 /* Debug */,
				AAA02E6D8D2B7EFB7D03CFE0 /* Release */,
			);
			defaultConfigurationIsVisible = 0;
			defaultConfigurationName = Debug;
		};
		A4B5EA58786AA6F96045F2A8 /* Build configuration list for PBXProject "SolaceApp" */ = {
			isa = XCConfigurationList;
			buildConfigurations = (
				D9984219B9A511191C689B34 /* Debug */,
				907CB82B673F8B56E00A384C /* Release */,
			);
			defaultConfigurationIsVisible = 0;
			defaultConfigurationName = Debug;
		};
/* End XCConfigurationList section */
	};
	rootObject = DB7560E7DEAABE31290D31B1 /* Project object */;
}
